
Microsoft Visual Studio Solution File, Format Version 12.00
# Visual Studio 2012
Project("{FAE04EC0-301F-11D3-BF4B-00C04F79EFBC}") = "Black Ops 1 Unlock All", "Black Ops 1 Unlock All\Black Ops 1 Unlock All.csproj", "{4E851392-1FC4-4CF7-877F-2ED393BCD31E}"
EndProject
Global
	GlobalSection(SolutionConfigurationPlatforms) = preSolution
		Debug|Any CPU = Debug|Any CPU
		Release|Any CPU = Release|Any CPU
	EndGlobalSection
	GlobalSection(ProjectConfigurationPlatforms) = postSolution
		{4E851392-1FC4-4CF7-877F-2ED393BCD31E}.Debug|Any CPU.ActiveCfg = Debug|Any CPU
		{4E851392-1FC4-4CF7-877F-2ED393BCD31E}.Debug|Any CPU.Build.0 = Debug|Any CPU
		{4E851392-1FC4-4CF7-877F-2ED393BCD31E}.Release|Any CPU.ActiveCfg = Release|Any CPU
		{4E851392-1FC4-4CF7-877F-2ED393BCD31E}.Release|Any CPU.Build.0 = Release|Any CPU
	EndGlobalSection
	GlobalSection(SolutionProperties) = preSolution
		HideSolutionNode = FALSE
	EndGlobalSection
EndGlobal
