
Microsoft Visual Studio Solution File, Format Version 12.00
# Visual Studio 2012
Project("{FAE04EC0-301F-11D3-BF4B-00C04F79EFBC}") = "Black Ops 1 Zombie Console", "Black Ops 1 Zombie Console.csproj", "{FCA2E177-8338-4A3E-8FFF-850FF4E365A4}"
EndProject
Global
	GlobalSection(SolutionConfigurationPlatforms) = preSolution
		Debug|Any CPU = Debug|Any CPU
		Release|Any CPU = Release|Any CPU
	EndGlobalSection
	GlobalSection(ProjectConfigurationPlatforms) = postSolution
		{FCA2E177-8338-4A3E-8FFF-850FF4E365A4}.Debug|Any CPU.ActiveCfg = Debug|Any CPU
		{FCA2E177-8338-4A3E-8FFF-850FF4E365A4}.Debug|Any CPU.Build.0 = Debug|Any CPU
		{FCA2E177-8338-4A3E-8FFF-850FF4E365A4}.Release|Any CPU.ActiveCfg = Release|Any CPU
		{FCA2E177-8338-4A3E-8FFF-850FF4E365A4}.Release|Any CPU.Build.0 = Release|Any CPU
	EndGlobalSection
	GlobalSection(SolutionProperties) = preSolution
		HideSolutionNode = FALSE
	EndGlobalSection
EndGlobal
